
Microsoft Visual Studio Solution File, Format Version 11.00
# Visual Studio 2010
Project("{FAE04EC0-301F-11D3-BF4B-00C04F79EFBC}") = "Assembly-CSharp", "Assembly-CSharp.csproj", "{40f75b9e-3f5b-c646-e5d1-fc6145a8b492}"
EndProject
Project("{FAE04EC0-301F-11D3-BF4B-00C04F79EFBC}") = "Assembly-CSharp-firstpass", "Assembly-CSharp-firstpass.csproj", "{a808d04f-a288-b066-b114-a866fba1817a}"
EndProject
Project("{FAE04EC0-301F-11D3-BF4B-00C04F79EFBC}") = "Assembly-CSharp-Editor-firstpass", "Assembly-CSharp-Editor-firstpass.csproj", "{985d6498-8b05-4f25-b925-d9fcfd4874b6}"
EndProject
Global
	GlobalSection(SolutionConfigurationPlatforms) = preSolution
		Debug|Any CPU = Debug|Any CPU
	EndGlobalSection
	GlobalSection(ProjectConfigurationPlatforms) = postSolution
		{40f75b9e-3f5b-c646-e5d1-fc6145a8b492}.Debug|Any CPU.ActiveCfg = Debug|Any CPU
		{40f75b9e-3f5b-c646-e5d1-fc6145a8b492}.Debug|Any CPU.Build.0 = Debug|Any CPU
		{a808d04f-a288-b066-b114-a866fba1817a}.Debug|Any CPU.ActiveCfg = Debug|Any CPU
		{a808d04f-a288-b066-b114-a866fba1817a}.Debug|Any CPU.Build.0 = Debug|Any CPU
		{985d6498-8b05-4f25-b925-d9fcfd4874b6}.Debug|Any CPU.ActiveCfg = Debug|Any CPU
		{985d6498-8b05-4f25-b925-d9fcfd4874b6}.Debug|Any CPU.Build.0 = Debug|Any CPU
	EndGlobalSection
	GlobalSection(SolutionProperties) = preSolution
		HideSolutionNode = FALSE
	EndGlobalSection
EndGlobal
